{
  "requires": true,
  "lockfileVersion": 1,
  "dependencies": {
    "notyf": {
      "version": "3.6.0",
      "resolved": "https://registry.npmjs.org/notyf/-/notyf-3.6.0.tgz",
      "integrity": "sha512-TqirJJOj5xTrkUGbat94aeFdBCMuJqlxvFAeySV08WRhcZDVzegIsQrYgek1ZN/Vhc+Ux3BgUmndS4ii1W2TJg=="
    }
  }
}
